
Microsoft Visual Studio Solution File, Format Version 12.00
# Visual Studio Version 16
VisualStudioVersion = 16.0.32929.386
MinimumVisualStudioVersion = 10.0.40219.1
Project("{FAE04EC0-301F-11D3-BF4B-00C04F79EFBC}") = "DemoFree", "DemoFree\DemoFree.csproj", "{0DD30F43-1630-4A78-BDDE-A5B928D684F9}"
EndProject
Global
	GlobalSection(SolutionConfigurationPlatforms) = preSolution
		Debug|Any CPU = Debug|Any CPU
		Release|Any CPU = Release|Any CPU
	EndGlobalSection
	GlobalSection(ProjectConfigurationPlatforms) = postSolution
		{0DD30F43-1630-4A78-BDDE-A5B928D684F9}.Debug|Any CPU.ActiveCfg = Debug|Any CPU
		{0DD30F43-1630-4A78-BDDE-A5B928D684F9}.Debug|Any CPU.Build.0 = Debug|Any CPU
		{0DD30F43-1630-4A78-BDDE-A5B928D684F9}.Release|Any CPU.ActiveCfg = Release|Any CPU
		{0DD30F43-1630-4A78-BDDE-A5B928D684F9}.Release|Any CPU.Build.0 = Release|Any CPU
	EndGlobalSection
	GlobalSection(SolutionProperties) = preSolution
		HideSolutionNode = FALSE
	EndGlobalSection
	GlobalSection(ExtensibilityGlobals) = postSolution
		SolutionGuid = {337E795B-38C3-4260-8DFD-5163E67C20F6}
	EndGlobalSection
EndGlobal
